
Microsoft Visual Studio Solution File, Format Version 12.00
# Visual Studio Version 16
VisualStudioVersion = 16.0.32630.194
MinimumVisualStudioVersion = 10.0.40219.1
Project("{9A19103F-16F7-4668-BE54-9A1E7A4F7556}") = "TestListener", "TestListner\TestListener.csproj", "{1FF6BC22-9ABE-46A6-B1EC-B519A1536CB5}"
EndProject
Project("{9A19103F-16F7-4668-BE54-9A1E7A4F7556}") = "TesyHttpServer", "TesyHttpServer\TesyHttpServer.csproj", "{4B969CE9-6DFF-42D8-B4DD-89D2FBE1C131}"
EndProject
Global
	GlobalSection(SolutionConfigurationPlatforms) = preSolution
		Debug|Any CPU = Debug|Any CPU
		Release|Any CPU = Release|Any CPU
	EndGlobalSection
	GlobalSection(ProjectConfigurationPlatforms) = postSolution
		{1FF6BC22-9ABE-46A6-B1EC-B519A1536CB5}.Debug|Any CPU.ActiveCfg = Debug|Any CPU
		{1FF6BC22-9ABE-46A6-B1EC-B519A1536CB5}.Debug|Any CPU.Build.0 = Debug|Any CPU
		{1FF6BC22-9ABE-46A6-B1EC-B519A1536CB5}.Release|Any CPU.ActiveCfg = Release|Any CPU
		{1FF6BC22-9ABE-46A6-B1EC-B519A1536CB5}.Release|Any CPU.Build.0 = Release|Any CPU
		{4B969CE9-6DFF-42D8-B4DD-89D2FBE1C131}.Debug|Any CPU.ActiveCfg = Debug|Any CPU
		{4B969CE9-6DFF-42D8-B4DD-89D2FBE1C131}.Debug|Any CPU.Build.0 = Debug|Any CPU
		{4B969CE9-6DFF-42D8-B4DD-89D2FBE1C131}.Release|Any CPU.ActiveCfg = Release|Any CPU
		{4B969CE9-6DFF-42D8-B4DD-89D2FBE1C131}.Release|Any CPU.Build.0 = Release|Any CPU
	EndGlobalSection
	GlobalSection(SolutionProperties) = preSolution
		HideSolutionNode = FALSE
	EndGlobalSection
	GlobalSection(ExtensibilityGlobals) = postSolution
		SolutionGuid = {71E2ADC3-F9BA-401D-9F57-4E470AC2EC91}
	EndGlobalSection
EndGlobal
